github.com/davecgh/go-spew v1.1.1-0.20170829195320-a47672248388 h1:c9n+0y02ovmvU9O/gS/fqw6HRlUwG645A2AJckmQVy0=
github.com/davecgh/go-spew v1.1.1-0.20170829195320-a47672248388/go.mod h1:J7Y8YcW2NihsgmVo/mv3lAwl/skON4iLHjSsI+c5H38=
github.com/pmezard/go-difflib v1.0.0 h1:4DBwDE0NGyQoBHbLQYPwSUPoCMWR5BEzIk/f1lZbAQM=
github.com/pmezard/go-difflib v1.0.0/go.mod h1:iKH77koFhYxTK1pcRnkKkqfTogsbg7gZNVY4sRDYZ/4=
github.com/stretchr/testify v1.1.5-0.20170809224252-890a5c3458b4 h1:c5DdG2to+wHgjlxcmknq5BnzaaJ0N0W842kLlOSurXc=
github.com/stretchr/testify v1.1.5-0.20170809224252-890a5c3458b4/go.mod h1:a8OnRcib4nhh0OaRAV+Yts87kKdq0PP7pXfy6kDkUVs=
github.com/urfave/cli v1.20.1-0.20170911040819-7fb9c86b14e6 h1:FxB2ax1KabQ9P5XJAZHRd6149Q7X+0txg5E+9A1y48U=
github.com/urfave/cli v1.20.1-0.20170911040819-7fb9c86b14e6/go.mod h1:70zkFmudgCuE/ngEzBv17Jvp/497gISqfk5gWijbERA=
golang.org/x/net v0.0.0-20170922011244-0744d001aa84 h1:FFXeeSR9Hq1BBmpYJonYmvi9cTbUHJnNAASHkdlc0Zs=
golang.org/x/net v0.0.0-20170922011244-0744d001aa84/go.mod h1:mL1N/T3taQHkDXs73rZJwtUhF3w3ftmwwsq0BUmARs4=
golang.org/x/text v0.1.1-0.20170915090833-1cbadb444a80 h1:QfbDb2RQkRI2wdkeI7RuwRRLtivUM+917wtHZln6uCk=
golang.org/x/text v0.1.1-0.20170915090833-1cbadb444a80/go.mod h1:NqM8EUOU14njkJ3fqMW+pc6Ldnwhi/IjpwHt7yyuwOQ=
